
Microsoft Visual Studio Solution File, Format Version 11.00
# Visual Studio 2010
Project("{FAE04EC0-301F-11D3-BF4B-00C04F79EFBC}") = "spaceSim", "Assembly-CSharp.csproj", "{BB191462-CB98-D583-CB4A-95D99EAAE575}"
EndProject
Global
	GlobalSection(SolutionConfigurationPlatforms) = preSolution
		Debug|Any CPU = Debug|Any CPU
		Release|Any CPU = Release|Any CPU
	EndGlobalSection
	GlobalSection(ProjectConfigurationPlatforms) = postSolution
		{BB191462-CB98-D583-CB4A-95D99EAAE575}.Debug|Any CPU.ActiveCfg = Debug|Any CPU
		{BB191462-CB98-D583-CB4A-95D99EAAE575}.Debug|Any CPU.Build.0 = Debug|Any CPU
		{BB191462-CB98-D583-CB4A-95D99EAAE575}.Release|Any CPU.ActiveCfg = Release|Any CPU
		{BB191462-CB98-D583-CB4A-95D99EAAE575}.Release|Any CPU.Build.0 = Release|Any CPU
	EndGlobalSection
	GlobalSection(SolutionProperties) = preSolution
		HideSolutionNode = FALSE
	EndGlobalSection
	GlobalSection(MonoDevelopProperties) = preSolution
		StartupItem = Assembly-CSharp.csproj
	EndGlobalSection
EndGlobal
